
Microsoft Visual Studio Solution File, Format Version 12.00
# Visual Studio Version 17
VisualStudioVersion = 17.10.35122.118
MinimumVisualStudioVersion = 10.0.40219.1
Project("{FAE04EC0-301F-11D3-BF4B-00C04F79EFBC}") = "MapAutomator", "MapAutomator.csproj", "{DD19FE2B-98F7-4D24-B635-1E270E67A2F5}"
EndProject
Global
	GlobalSection(SolutionConfigurationPlatforms) = preSolution
		Debug|Any CPU = Debug|Any CPU
		Release|Any CPU = Release|Any CPU
	EndGlobalSection
	GlobalSection(ProjectConfigurationPlatforms) = postSolution
		{DD19FE2B-98F7-4D24-B635-1E270E67A2F5}.Debug|Any CPU.ActiveCfg = Debug|Any CPU
		{DD19FE2B-98F7-4D24-B635-1E270E67A2F5}.Debug|Any CPU.Build.0 = Debug|Any CPU
		{DD19FE2B-98F7-4D24-B635-1E270E67A2F5}.Release|Any CPU.ActiveCfg = Release|Any CPU
		{DD19FE2B-98F7-4D24-B635-1E270E67A2F5}.Release|Any CPU.Build.0 = Release|Any CPU
	EndGlobalSection
	GlobalSection(SolutionProperties) = preSolution
		HideSolutionNode = FALSE
	EndGlobalSection
	GlobalSection(ExtensibilityGlobals) = postSolution
		SolutionGuid = {59276335-DC36-4062-81A6-91E0745C5AE3}
	EndGlobalSection
EndGlobal
